
Microsoft Visual Studio Solution File, Format Version 12.00
# Visual Studio 15
VisualStudioVersion = 15.0.27130.2027
MinimumVisualStudioVersion = 10.0.40219.1
Project("{9A19103F-16F7-4668-BE54-9A1E7A4F7556}") = "LipheBot", "LipheBot\LipheBot.csproj", "{03614844-1F1F-42D4-9095-FC9F73108B3B}"
EndProject
Project("{9A19103F-16F7-4668-BE54-9A1E7A4F7556}") = "LipheBot.Core", "LipheBot.Core\LipheBot.Core.csproj", "{0FB55511-909B-46C8-8B36-ACBB0F26DA9D}"
EndProject
Project("{9A19103F-16F7-4668-BE54-9A1E7A4F7556}") = "LipheBot.Infra.Twitch", "LipheBot.Infra.Twitch\LipheBot.Infra.Twitch.csproj", "{92718A60-58A9-4DE8-8977-4FA09464D59D}"
EndProject
Global
	GlobalSection(SolutionConfigurationPlatforms) = preSolution
		Debug|Any CPU = Debug|Any CPU
		Release|Any CPU = Release|Any CPU
	EndGlobalSection
	GlobalSection(ProjectConfigurationPlatforms) = postSolution
		{03614844-1F1F-42D4-9095-FC9F73108B3B}.Debug|Any CPU.ActiveCfg = Debug|Any CPU
		{03614844-1F1F-42D4-9095-FC9F73108B3B}.Debug|Any CPU.Build.0 = Debug|Any CPU
		{03614844-1F1F-42D4-9095-FC9F73108B3B}.Release|Any CPU.ActiveCfg = Release|Any CPU
		{03614844-1F1F-42D4-9095-FC9F73108B3B}.Release|Any CPU.Build.0 = Release|Any CPU
		{0FB55511-909B-46C8-8B36-ACBB0F26DA9D}.Debug|Any CPU.ActiveCfg = Debug|Any CPU
		{0FB55511-909B-46C8-8B36-ACBB0F26DA9D}.Debug|Any CPU.Build.0 = Debug|Any CPU
		{0FB55511-909B-46C8-8B36-ACBB0F26DA9D}.Release|Any CPU.ActiveCfg = Release|Any CPU
		{0FB55511-909B-46C8-8B36-ACBB0F26DA9D}.Release|Any CPU.Build.0 = Release|Any CPU
		{92718A60-58A9-4DE8-8977-4FA09464D59D}.Debug|Any CPU.ActiveCfg = Debug|Any CPU
		{92718A60-58A9-4DE8-8977-4FA09464D59D}.Debug|Any CPU.Build.0 = Debug|Any CPU
		{92718A60-58A9-4DE8-8977-4FA09464D59D}.Release|Any CPU.ActiveCfg = Release|Any CPU
		{92718A60-58A9-4DE8-8977-4FA09464D59D}.Release|Any CPU.Build.0 = Release|Any CPU
	EndGlobalSection
	GlobalSection(SolutionProperties) = preSolution
		HideSolutionNode = FALSE
	EndGlobalSection
	GlobalSection(ExtensibilityGlobals) = postSolution
		SolutionGuid = {D47A29F4-3783-4EB5-AF43-85A7AEB26B19}
	EndGlobalSection
EndGlobal
