
Microsoft Visual Studio Solution File, Format Version 12.00
# Visual Studio 15
VisualStudioVersion = 15.0.27130.2027
MinimumVisualStudioVersion = 10.0.40219.1
Project("{9A19103F-16F7-4668-BE54-9A1E7A4F7556}") = "LipheBot", "LipheBot\LipheBot.csproj", "{03614844-1F1F-42D4-9095-FC9F73108B3B}"
EndProject
Project("{9A19103F-16F7-4668-BE54-9A1E7A4F7556}") = "UnitTest", "UnitTest\UnitTest.csproj", "{84BA2B76-D609-46D2-88E6-A8F93496276E}"
EndProject
Project("{FAE04EC0-301F-11D3-BF4B-00C04F79EFBC}") = "LipheBot.Core", "LipheBot.Core\LipheBot.Core.csproj", "{9B52D7B0-50F9-4219-B93D-5ADB766830A5}"
EndProject
Project("{FAE04EC0-301F-11D3-BF4B-00C04F79EFBC}") = "Liphebot.Infra.Twitch", "Liphebot.Infra.Twitch\Liphebot.Infra.Twitch.csproj", "{C97970C3-2549-464D-837E-1B365A771D83}"
EndProject
Global
	GlobalSection(SolutionConfigurationPlatforms) = preSolution
		Debug|Any CPU = Debug|Any CPU
		Release|Any CPU = Release|Any CPU
	EndGlobalSection
	GlobalSection(ProjectConfigurationPlatforms) = postSolution
		{03614844-1F1F-42D4-9095-FC9F73108B3B}.Debug|Any CPU.ActiveCfg = Debug|Any CPU
		{03614844-1F1F-42D4-9095-FC9F73108B3B}.Debug|Any CPU.Build.0 = Debug|Any CPU
		{03614844-1F1F-42D4-9095-FC9F73108B3B}.Release|Any CPU.ActiveCfg = Release|Any CPU
		{03614844-1F1F-42D4-9095-FC9F73108B3B}.Release|Any CPU.Build.0 = Release|Any CPU
		{84BA2B76-D609-46D2-88E6-A8F93496276E}.Debug|Any CPU.ActiveCfg = Debug|Any CPU
		{84BA2B76-D609-46D2-88E6-A8F93496276E}.Debug|Any CPU.Build.0 = Debug|Any CPU
		{84BA2B76-D609-46D2-88E6-A8F93496276E}.Release|Any CPU.ActiveCfg = Release|Any CPU
		{84BA2B76-D609-46D2-88E6-A8F93496276E}.Release|Any CPU.Build.0 = Release|Any CPU
		{9B52D7B0-50F9-4219-B93D-5ADB766830A5}.Debug|Any CPU.ActiveCfg = Debug|Any CPU
		{9B52D7B0-50F9-4219-B93D-5ADB766830A5}.Debug|Any CPU.Build.0 = Debug|Any CPU
		{9B52D7B0-50F9-4219-B93D-5ADB766830A5}.Release|Any CPU.ActiveCfg = Release|Any CPU
		{9B52D7B0-50F9-4219-B93D-5ADB766830A5}.Release|Any CPU.Build.0 = Release|Any CPU
		{C97970C3-2549-464D-837E-1B365A771D83}.Debug|Any CPU.ActiveCfg = Debug|Any CPU
		{C97970C3-2549-464D-837E-1B365A771D83}.Debug|Any CPU.Build.0 = Debug|Any CPU
		{C97970C3-2549-464D-837E-1B365A771D83}.Release|Any CPU.ActiveCfg = Release|Any CPU
		{C97970C3-2549-464D-837E-1B365A771D83}.Release|Any CPU.Build.0 = Release|Any CPU
	EndGlobalSection
	GlobalSection(SolutionProperties) = preSolution
		HideSolutionNode = FALSE
	EndGlobalSection
	GlobalSection(ExtensibilityGlobals) = postSolution
		SolutionGuid = {D47A29F4-3783-4EB5-AF43-85A7AEB26B19}
	EndGlobalSection
EndGlobal
